<?xml version="1.0" encoding="utf-8"?>
<Project ToolsVersion="4.0" xmlns="http://schemas.microsoft.com/developer/msbuild/2003">
  <ItemGroup>
    <Filter Include="demo">
      <UniqueIdentifier>{3d155b8f-901a-4942-bccd-379b8f506f5d}</UniqueIdentifier>
    </Filter>
    <Filter Include="src">
      <UniqueIdentifier>{53ec7ddb-d949-4c39-900d-e4f6def4b999}</UniqueIdentifier>
    </Filter>
  </ItemGroup>
  <ItemGroup>
    <ClCompile Include="demo\demo_mini_twitch.cpp">
      <Filter>demo</Filter>
    </ClCompile>
    <ClCompile Include="src\mini_twitch.cpp">
      <Filter>src</Filter>
    </ClCompile>
    <ClCompile Include="src\http_server.cpp">
      <Filter>src</Filter>
    </ClCompile>
  </ItemGroup>
  <ItemGroup>
    <ClInclude Include="src\mini_twitch.h">
      <Filter>src</Filter>
    </ClInclude>
    <ClInclude Include="src\http_server.h">
      <Filter>src</Filter>
    </ClInclude>
  </ItemGroup>
</Project>